# This file is autogenerated, do not edit; changes may be undone by the next 'dep ensure'.


[[projects]]
  name = "cloud.google.com/go"
  packages = ["compute/metadata"]
  revision = "c9474f2f8deb81759839474b6bd1726bbfe1c1c4"
  version = "v0.36.0"

[[projects]]
  name = "github.com/appscode/jsonpatch"
  packages = ["."]
  revision = "7c0e3b262f30165a8ec3d0b4c6059fd92703bfb2"
  version = "1.0.0"

[[projects]]
  branch = "master"
  name = "github.com/beorn7/perks"
  packages = ["quantile"]
  revision = "3a771d992973f24aa725d07868b467d1ddfceafb"

[[projects]]
  name = "github.com/davecgh/go-spew"
  packages = ["spew"]
  revision = "8991bc29aa16c548c550c7ff78260e27b9ab7c73"
  version = "v1.1.1"

[[projects]]
  name = "github.com/evanphx/json-patch"
  packages = ["."]
  revision = "72bf35d0ff611848c1dc9df0f976c81192392fa5"
  version = "v4.1.0"

[[projects]]
  branch = "master"
  name = "github.com/go-logr/logr"
  packages = ["."]
  revision = "9fb12b3b21c5415d16ac18dc5cd42c1cfdd40c4e"

[[projects]]
  name = "github.com/go-logr/zapr"
  packages = ["."]
  revision = "7536572e8d55209135cd5e7ccf7fce43dca217ab"
  version = "v0.1.0"

[[projects]]
  name = "github.com/gobuffalo/envy"
  packages = ["."]
  revision = "043cb4b8af871b49563291e32c66bb84378a60ac"
  version = "v1.7.0"

[[projects]]
  branch = "master"
  name = "github.com/gobuffalo/genny"
  packages = ["."]
  revision = "3ca520ef0d9ea4981534aae98bf9a003d9b18678"

[[projects]]
  branch = "master"
  name = "github.com/gobuffalo/gogen"
  packages = [".","goimports","gomods"]
  revision = "8f38393713f59beb43221f903c07f58f0377a063"

[[projects]]
  branch = "master"
  name = "github.com/gobuffalo/logger"
  packages = ["."]
  revision = "86e12af44bc273e0063fad5b6ad588890b8cfe6b"

[[projects]]
  name = "github.com/gobuffalo/mapi"
  packages = ["."]
  revision = "0bb5e840be332d4280e40f2e6c50777c615bbac5"
  version = "v1.0.2"

[[projects]]
  branch = "master"
  name = "github.com/gobuffalo/packd"
  packages = ["."]
  revision = "a385830c7fc0495b810318788a043c7655da337d"

[[projects]]
  name = "github.com/gobuffalo/packr"
  packages = ["v2","v2/file","v2/file/resolver","v2/file/resolver/encoding/hex","v2/jam/parser","v2/plog"]
  revision = "cda4ac25577350dac682c8715dc6659327232596"
  version = "v2.2.0"

[[projects]]
  branch = "master"
  name = "github.com/gobuffalo/syncx"
  packages = ["."]
  revision = "33c29581e754bd354236e977dfe426e55331c45d"

[[projects]]
  name = "github.com/gogo/protobuf"
  packages = ["proto","sortkeys"]
  revision = "342cbe0a04158f6dcb03ca0079991a51a4248c02"
  version = "v0.5"

[[projects]]
  name = "github.com/golang/groupcache"
  packages = ["lru"]
  revision = "02826c3e79038b59d737d3b1c0a1d937f71a4433"

[[projects]]
  name = "github.com/golang/protobuf"
  packages = ["proto","ptypes","ptypes/any","ptypes/duration","ptypes/timestamp"]
  revision = "aa810b61a9c79d51363740d207bb46cf8e620ed5"
  version = "v1.2.0"

[[projects]]
  branch = "master"
  name = "github.com/google/btree"
  packages = ["."]
  revision = "4030bb1f1f0c35b30ca7009e9ebd06849dd45306"

[[projects]]
  name = "github.com/google/gofuzz"
  packages = ["."]
  revision = "44d81051d367757e1c7c6a5a86423ece9afcf63c"

[[projects]]
  name = "github.com/googleapis/gnostic"
  packages = ["OpenAPIv2","compiler","extensions"]
  revision = "0c5108395e2debce0d731cf0287ddf7242066aba"

[[projects]]
  name = "github.com/gorilla/mux"
  packages = ["."]
  revision = "c5c6c98bc25355028a63748a498942a6398ccd22"
  version = "v1.7.1"

[[projects]]
  name = "github.com/gregjones/httpcache"
  packages = [".","diskcache"]
  revision = "787624de3eb7bd915c329cba748687a3b22666a6"

[[projects]]
  name = "github.com/hashicorp/golang-lru"
  packages = [".","simplelru"]
  revision = "a0d98a5f288019575c6d1f4bb1573fef2d1fcdc4"

[[projects]]
  name = "github.com/imdario/mergo"
  packages = ["."]
  revision = "9316a62528ac99aaecb4e47eadd6dc8aa6533d58"
  version = "v0.3.5"

[[projects]]
  name = "github.com/joho/godotenv"
  packages = ["."]
  revision = "23d116af351c84513e1946b527c88823e476be13"
  version = "v1.3.0"

[[projects]]
  name = "github.com/json-iterator/go"
  packages = ["."]
  revision = "ab8a2e0c74be9d3be70b3184d9acc634935ded82"
  version = "1.1.4"

[[projects]]
  name = "github.com/karrick/godirwalk"
  packages = ["."]
  revision = "6d1c7760ec857d2984abe0a23fa263877f50d3f0"
  version = "v1.8.0"

[[projects]]
  name = "github.com/konsorten/go-windows-terminal-sequences"
  packages = ["."]
  revision = "f55edac94c9bbba5d6182a4be46d86a2c9b5b50e"
  version = "v1.0.2"

[[projects]]
  branch = "master"
  name = "github.com/markbates/oncer"
  packages = ["."]
  revision = "bf2de49a0be218916e69a11d22866e6cd0a560f2"

[[projects]]
  name = "github.com/markbates/safe"
  packages = ["."]
  revision = "6fea05a5732486546a4836b7a1d596c5ec687b98"
  version = "v1.0.1"

[[projects]]
  name = "github.com/matttproud/golang_protobuf_extensions"
  packages = ["pbutil"]
  revision = "c12348ce28de40eed0136aa2b644d0ee0650e56c"
  version = "v1.0.1"

[[projects]]
  name = "github.com/modern-go/concurrent"
  packages = ["."]
  revision = "bacd9c7ef1dd9b15be4a9909b8ac7a4e313eec94"
  version = "1.0.3"

[[projects]]
  name = "github.com/modern-go/reflect2"
  packages = ["."]
  revision = "94122c33edd36123c84d5368cfb2b69df93a0ec8"
  version = "v1.0.1"

[[projects]]
  name = "github.com/pborman/uuid"
  packages = ["."]
  revision = "ca53cad383cad2479bbba7f7a1a05797ec1386e4"

[[projects]]
  branch = "master"
  name = "github.com/petar/GoLLRB"
  packages = ["llrb"]
  revision = "53be0d36a84c2a886ca057d34b6aa4468df9ccb4"

[[projects]]
  name = "github.com/peterbourgon/diskv"
  packages = ["."]
  revision = "5f041e8faa004a95c88a202771f4cc3e991971e6"
  version = "v2.0.1"

[[projects]]
  name = "github.com/pkg/errors"
  packages = ["."]
  revision = "ba968bfe8b2f7e042a574c888954fccecfa385b4"
  version = "v0.8.1"

[[projects]]
  name = "github.com/pmezard/go-difflib"
  packages = ["difflib"]
  revision = "792786c7400a136282c1664665ae0a8db921c6c2"
  version = "v1.0.0"

[[projects]]
  name = "github.com/prometheus/client_golang"
  packages = ["prometheus","prometheus/internal","prometheus/promhttp"]
  revision = "505eaef017263e299324067d40ca2c48f6a2cf50"
  version = "v0.9.2"

[[projects]]
  branch = "master"
  name = "github.com/prometheus/client_model"
  packages = ["go"]
  revision = "fd36f4220a901265f90734c3183c5f0c91daa0b8"

[[projects]]
  name = "github.com/prometheus/common"
  packages = ["expfmt","internal/bitbucket.org/ww/goautoneg","model"]
  revision = "cfeb6f9992ffa54aaa4f2170ade4067ee478b250"
  version = "v0.2.0"

[[projects]]
  branch = "master"
  name = "github.com/prometheus/procfs"
  packages = [".","internal/util","nfs","xfs"]
  revision = "de1b801bf34b80cd00f14087dc5a994bfe0296bc"

[[projects]]
  name = "github.com/rogpeppe/go-internal"
  packages = ["modfile","module","semver"]
  revision = "438578804ca6f31be148c27683afc419ce47c06e"
  version = "v1.3.0"

[[projects]]
  name = "github.com/sirupsen/logrus"
  packages = ["."]
  revision = "8bdbc7bcc01dcbb8ec23dc8a28e332258d25251f"
  version = "v1.4.1"

[[projects]]
  name = "github.com/spf13/pflag"
  packages = ["."]
  revision = "583c0c0531f06d5278b7d917446061adc344b5cd"
  version = "v1.0.1"

[[projects]]
  name = "github.com/stretchr/testify"
  packages = ["assert"]
  revision = "ffdc059bfe9ce6a4e144ba849dbedead332c6053"
  version = "v1.3.0"

[[projects]]
  branch = "master"
  name = "gitlab.com/golang-commonmark/html"
  packages = ["."]
  revision = "cfaf75183c4a5f0e44e3d51ece1065accafdd2b3"

[[projects]]
  branch = "master"
  name = "gitlab.com/golang-commonmark/linkify"
  packages = ["."]
  revision = "c22b7bdb117955ff2cc0e3724083d35e3419d71e"

[[projects]]
  name = "gitlab.com/golang-commonmark/markdown"
  packages = ["."]
  revision = "772775880e1fbf39a7804149ed11c0f714ec89fe"

[[projects]]
  branch = "master"
  name = "gitlab.com/golang-commonmark/mdurl"
  packages = ["."]
  revision = "e5bce34c34f29ecf232fec34f3982e55533ec14e"

[[projects]]
  branch = "master"
  name = "gitlab.com/golang-commonmark/puny"
  packages = ["."]
  revision = "2cd490539afe7c6fc0eda6c59ef88fa93a00ea0d"

[[projects]]
  name = "go.uber.org/atomic"
  packages = ["."]
  revision = "4e336646b2ef9fc6e47be8e21594178f98e5ebcf"
  version = "v1.2.0"

[[projects]]
  name = "go.uber.org/multierr"
  packages = ["."]
  revision = "3c4937480c32f4c13a875a1829af76c98ca3d40a"
  version = "v1.1.0"

[[projects]]
  name = "go.uber.org/zap"
  packages = [".","buffer","internal/bufferpool","internal/color","internal/exit","zapcore"]
  revision = "ff33455a0e382e8a81d14dd7c922020b6b5e7982"
  version = "v1.9.1"

[[projects]]
  name = "golang.org/x/crypto"
  packages = ["ssh/terminal"]
  revision = "de0752318171da717af4ce24d0a2e8626afaeb11"

[[projects]]
  branch = "release-branch.go1.10"
  name = "golang.org/x/net"
  packages = ["context","http2","http2/hpack","idna","lex/httplex"]
  revision = "0ed95abb35c445290478a5348a7b38bb154135fd"

[[projects]]
  name = "golang.org/x/oauth2"
  packages = [".","google","internal","jws","jwt"]
  revision = "a6bd8cefa1811bd24b86f8902872e4e8225f74c4"

[[projects]]
  branch = "master"
  name = "golang.org/x/sys"
  packages = ["unix","windows"]
  revision = "41f3e6584952bb034a481797859f6ab34b6803bd"

[[projects]]
  name = "golang.org/x/text"
  packages = ["collate","collate/build","internal/colltab","internal/gen","internal/tag","internal/triegen","internal/ucd","language","secure/bidirule","transform","unicode/bidi","unicode/cldr","unicode/norm","unicode/rangetable"]
  revision = "f21a4dfb5e38f5895301dc265a8def02365cc3d0"
  version = "v0.3.0"

[[projects]]
  name = "golang.org/x/time"
  packages = ["rate"]
  revision = "f51c12702a4d776e4c1fa9b0fabab841babae631"

[[projects]]
  branch = "master"
  name = "golang.org/x/tools"
  packages = ["go/ast/astutil","go/gcexportdata","go/internal/gcimporter","go/internal/packagesdriver","go/packages","go/types/typeutil","imports","internal/fastwalk","internal/gopathwalk","internal/module","internal/semver"]
  revision = "4ca4b55e2050cfa75f1a1f72ae10825e80b052a0"

[[projects]]
  name = "google.golang.org/appengine"
  packages = [".","internal","internal/app_identity","internal/base","internal/datastore","internal/log","internal/modules","internal/remote_api","internal/urlfetch","urlfetch"]
  revision = "e9657d882bb81064595ca3b56cbe2546bbabf7b1"
  version = "v1.4.0"

[[projects]]
  name = "gopkg.in/inf.v0"
  packages = ["."]
  revision = "3887ee99ecf07df5b447e9b00d9c0b2adaa9f3e4"
  version = "v0.9.0"

[[projects]]
  name = "gopkg.in/yaml.v2"
  packages = ["."]
  revision = "51d6538a90f86fe93ac480b35f37b2be17fef232"
  version = "v2.2.2"

[[projects]]
  name = "k8s.io/api"
  packages = ["admission/v1beta1","admissionregistration/v1alpha1","admissionregistration/v1beta1","apps/v1","apps/v1beta1","apps/v1beta2","auditregistration/v1alpha1","authentication/v1","authentication/v1beta1","authorization/v1","authorization/v1beta1","autoscaling/v1","autoscaling/v2beta1","autoscaling/v2beta2","batch/v1","batch/v1beta1","batch/v2alpha1","certificates/v1beta1","coordination/v1beta1","core/v1","events/v1beta1","extensions/v1beta1","networking/v1","policy/v1beta1","rbac/v1","rbac/v1alpha1","rbac/v1beta1","scheduling/v1alpha1","scheduling/v1beta1","settings/v1alpha1","storage/v1","storage/v1alpha1","storage/v1beta1"]
  revision = "05914d821849570fba9eacfb29466f2d8d3cd229"
  version = "kubernetes-1.13.1"

[[projects]]
  name = "k8s.io/apimachinery"
  packages = ["pkg/api/errors","pkg/api/meta","pkg/api/resource","pkg/apis/meta/internalversion","pkg/apis/meta/v1","pkg/apis/meta/v1/unstructured","pkg/apis/meta/v1beta1","pkg/conversion","pkg/conversion/queryparams","pkg/fields","pkg/labels","pkg/runtime","pkg/runtime/schema","pkg/runtime/serializer","pkg/runtime/serializer/json","pkg/runtime/serializer/protobuf","pkg/runtime/serializer/recognizer","pkg/runtime/serializer/streaming","pkg/runtime/serializer/versioning","pkg/selection","pkg/types","pkg/util/cache","pkg/util/clock","pkg/util/diff","pkg/util/errors","pkg/util/framer","pkg/util/intstr","pkg/util/json","pkg/util/mergepatch","pkg/util/naming","pkg/util/net","pkg/util/runtime","pkg/util/sets","pkg/util/strategicpatch","pkg/util/uuid","pkg/util/validation","pkg/util/validation/field","pkg/util/wait","pkg/util/yaml","pkg/version","pkg/watch","third_party/forked/golang/json","third_party/forked/golang/reflect"]
  revision = "2b1284ed4c93a43499e781493253e2ac5959c4fd"
  version = "kubernetes-1.13.1"

[[projects]]
  name = "k8s.io/client-go"
  packages = ["discovery","discovery/fake","dynamic","kubernetes","kubernetes/fake","kubernetes/scheme","kubernetes/typed/admissionregistration/v1alpha1","kubernetes/typed/admissionregistration/v1alpha1/fake","kubernetes/typed/admissionregistration/v1beta1","kubernetes/typed/admissionregistration/v1beta1/fake","kubernetes/typed/apps/v1","kubernetes/typed/apps/v1/fake","kubernetes/typed/apps/v1beta1","kubernetes/typed/apps/v1beta1/fake","kubernetes/typed/apps/v1beta2","kubernetes/typed/apps/v1beta2/fake","kubernetes/typed/auditregistration/v1alpha1","kubernetes/typed/auditregistration/v1alpha1/fake","kubernetes/typed/authentication/v1","kubernetes/typed/authentication/v1/fake","kubernetes/typed/authentication/v1beta1","kubernetes/typed/authentication/v1beta1/fake","kubernetes/typed/authorization/v1","kubernetes/typed/authorization/v1/fake","kubernetes/typed/authorization/v1beta1","kubernetes/typed/authorization/v1beta1/fake","kubernetes/typed/autoscaling/v1","kubernetes/typed/autoscaling/v1/fake","kubernetes/typed/autoscaling/v2beta1","kubernetes/typed/autoscaling/v2beta1/fake","kubernetes/typed/autoscaling/v2beta2","kubernetes/typed/autoscaling/v2beta2/fake","kubernetes/typed/batch/v1","kubernetes/typed/batch/v1/fake","kubernetes/typed/batch/v1beta1","kubernetes/typed/batch/v1beta1/fake","kubernetes/typed/batch/v2alpha1","kubernetes/typed/batch/v2alpha1/fake","kubernetes/typed/certificates/v1beta1","kubernetes/typed/certificates/v1beta1/fake","kubernetes/typed/coordination/v1beta1","kubernetes/typed/coordination/v1beta1/fake","kubernetes/typed/core/v1","kubernetes/typed/core/v1/fake","kubernetes/typed/events/v1beta1","kubernetes/typed/events/v1beta1/fake","kubernetes/typed/extensions/v1beta1","kubernetes/typed/extensions/v1beta1/fake","kubernetes/typed/networking/v1","kubernetes/typed/networking/v1/fake","kubernetes/typed/policy/v1beta1","kubernetes/typed/policy/v1beta1/fake","kubernetes/typed/rbac/v1","kubernetes/typed/rbac/v1/fake","kubernetes/typed/rbac/v1alpha1","kubernetes/typed/rbac/v1alpha1/fake","kubernetes/typed/rbac/v1beta1","kubernetes/typed/rbac/v1beta1/fake","kubernetes/typed/scheduling/v1alpha1","kubernetes/typed/scheduling/v1alpha1/fake","kubernetes/typed/scheduling/v1beta1","kubernetes/typed/scheduling/v1beta1/fake","kubernetes/typed/settings/v1alpha1","kubernetes/typed/settings/v1alpha1/fake","kubernetes/typed/storage/v1","kubernetes/typed/storage/v1/fake","kubernetes/typed/storage/v1alpha1","kubernetes/typed/storage/v1alpha1/fake","kubernetes/typed/storage/v1beta1","kubernetes/typed/storage/v1beta1/fake","pkg/apis/clientauthentication","pkg/apis/clientauthentication/v1alpha1","pkg/apis/clientauthentication/v1beta1","pkg/version","plugin/pkg/client/auth/exec","plugin/pkg/client/auth/gcp","rest","rest/watch","restmapper","testing","third_party/forked/golang/template","tools/auth","tools/cache","tools/clientcmd","tools/clientcmd/api","tools/clientcmd/api/latest","tools/clientcmd/api/v1","tools/leaderelection","tools/leaderelection/resourcelock","tools/metrics","tools/pager","tools/record","tools/reference","transport","util/buffer","util/cert","util/connrotation","util/flowcontrol","util/homedir","util/integer","util/jsonpath","util/retry","util/workqueue"]
  revision = "8d9ed539ba3134352c586810e749e58df4e94e4f"
  version = "kubernetes-1.13.1"

[[projects]]
  name = "k8s.io/klog"
  packages = ["."]
  revision = "8139d8cb77af419532b33dfa7dd09fbc5f1d344f"

[[projects]]
  name = "k8s.io/kube-openapi"
  packages = ["pkg/util/proto"]
  revision = "c59034cc13d587f5ef4e85ca0ade0c1866ae8e1d"

[[projects]]
  name = "sigs.k8s.io/controller-runtime"
  packages = ["pkg/cache","pkg/cache/internal","pkg/client","pkg/client/apiutil","pkg/client/config","pkg/internal/recorder","pkg/leaderelection","pkg/manager","pkg/metrics","pkg/patch","pkg/recorder","pkg/runtime/inject","pkg/runtime/log","pkg/runtime/signals","pkg/webhook","pkg/webhook/admission","pkg/webhook/admission/builder","pkg/webhook/admission/types","pkg/webhook/internal/cert","pkg/webhook/internal/cert/generator","pkg/webhook/internal/cert/writer","pkg/webhook/internal/cert/writer/atomic","pkg/webhook/internal/metrics","pkg/webhook/types"]
  revision = "12d98582e72927b6cd0123e2b4e819f9341ce62c"
  version = "v0.1.10"

[[projects]]
  name = "sigs.k8s.io/yaml"
  packages = ["."]
  revision = "fd68e9863619f6ec2fdd8625fe1f02e7c877e480"
  version = "v1.1.0"

[solve-meta]
  analyzer-name = "dep"
  analyzer-version = 1
  inputs-digest = "0413cf32305d8e92a5f65d059d93e2bf151b8755f5a24088ef26ea12a148cd68"
  solver-name = "gps-cdcl"
  solver-version = 1
